
Microsoft Visual Studio Solution File, Format Version 11.00
# Visual Studio 2010
Project("{FAE04EC0-301F-11D3-BF4B-00C04F79EFBC}") = "DarkWaves", "Assembly-CSharp.csproj", "{F0372727-0C94-2636-21D8-D33A76583748}"
EndProject
Project("{FAE04EC0-301F-11D3-BF4B-00C04F79EFBC}") = "DarkWaves", "Assembly-CSharp-Editor.csproj", "{5694D47F-2D98-4344-08BB-A9284B0AF83A}"
EndProject
Global
	GlobalSection(SolutionConfigurationPlatforms) = preSolution
		Debug|Any CPU = Debug|Any CPU
		Release|Any CPU = Release|Any CPU
	EndGlobalSection
	GlobalSection(ProjectConfigurationPlatforms) = postSolution
		{F0372727-0C94-2636-21D8-D33A76583748}.Debug|Any CPU.ActiveCfg = Debug|Any CPU
		{F0372727-0C94-2636-21D8-D33A76583748}.Debug|Any CPU.Build.0 = Debug|Any CPU
		{F0372727-0C94-2636-21D8-D33A76583748}.Release|Any CPU.ActiveCfg = Release|Any CPU
		{F0372727-0C94-2636-21D8-D33A76583748}.Release|Any CPU.Build.0 = Release|Any CPU
		{5694D47F-2D98-4344-08BB-A9284B0AF83A}.Debug|Any CPU.ActiveCfg = Debug|Any CPU
		{5694D47F-2D98-4344-08BB-A9284B0AF83A}.Debug|Any CPU.Build.0 = Debug|Any CPU
		{5694D47F-2D98-4344-08BB-A9284B0AF83A}.Release|Any CPU.ActiveCfg = Release|Any CPU
		{5694D47F-2D98-4344-08BB-A9284B0AF83A}.Release|Any CPU.Build.0 = Release|Any CPU
	EndGlobalSection
	GlobalSection(SolutionProperties) = preSolution
		HideSolutionNode = FALSE
	EndGlobalSection
	GlobalSection(MonoDevelopProperties) = preSolution
		StartupItem = Assembly-CSharp.csproj
	EndGlobalSection
EndGlobal
